dependencies:
- name: rabbitmq
  repository: https://charts.bitnami.com/bitnami
  version: 11.0.3
- name: mariadb
  repository: https://charts.bitnami.com/bitnami
  version: 11.3.3
- name: prometheus-elasticsearch-exporter
  repository: https://prometheus-community.github.io/helm-charts
  version: 4.14.0
digest: sha256:00f29e0a7f8f9d4b57b8717fc02718317db4b2b97dd2a757c09e541250ee50d0
generated: "2022-11-26T20:14:23.4355902-06:00"
