dependencies:
- name: kube-prometheus
  repository: https://charts.bitnami.com/bitnami
  version: 8.1.11
- name: grafana
  repository: https://charts.bitnami.com/bitnami
  version: 8.2.11
digest: sha256:041778bb6ceab2632288c4d0ef195082acf95f15f6548d6fdf209ffbabb56b73
generated: "2022-11-18T08:29:49.3359503-06:00"
