dependencies:
- name: rabbitmq
  repository: https://charts.bitnami.com/bitnami
  version: 11.0.3
- name: mariadb
  repository: https://charts.bitnami.com/bitnami
  version: 11.3.3
digest: sha256:66085e8c9146bf1486727fcecf78a76a9a17f8eeeef03e8fcca7438bbcf2158c
generated: "2022-11-18T08:29:24.9073924-06:00"
