dependencies:
- name: rabbitmq
  repository: https://charts.bitnami.com/bitnami
  version: 10.3.5
- name: mariadb
  repository: https://charts.bitnami.com/bitnami
  version: 11.3.1
- name: elasticsearch
  repository: https://charts.bitnami.com/bitnami
  version: 19.4.2
- name: kibana
  repository: https://charts.bitnami.com/bitnami
  version: 10.2.5
digest: sha256:86ab2140dc1f2f00588036df98e2c8e39de265c4d7509f13db616ef73270a7f5
generated: "2022-10-18T12:54:49.8073627-06:00"
